
Microsoft Visual Studio Solution File, Format Version 12.00
# Visual Studio 14
VisualStudioVersion = 14.0.25420.1
MinimumVisualStudioVersion = 10.0.40219.1
Project("{2150E333-8FDC-42A3-9474-1A3956D46DE8}") = "DAL", "DAL", "{D96ACAA6-596A-4BB1-A50D-5B32AE4E23BF}"
EndProject
Project("{2150E333-8FDC-42A3-9474-1A3956D46DE8}") = "Core", "Core", "{69E04FC7-787E-490D-A971-F0EFFA311E33}"
EndProject
Project("{2150E333-8FDC-42A3-9474-1A3956D46DE8}") = "FileManager", "FileManager", "{C5900EB7-4F3D-447E-B638-778B4868965C}"
EndProject
Project("{2150E333-8FDC-42A3-9474-1A3956D46DE8}") = "Tests", "Tests", "{57C32347-AFC7-45C5-A6C6-361D8A426F53}"
EndProject
Project("{FAE04EC0-301F-11D3-BF4B-00C04F79EFBC}") = "FileManager.FileSystem.Test", "Tests\FileManager.FileSystem.Test\FileManager.FileSystem.Test.csproj", "{B56E4867-E5FE-4BEF-A5D9-A7605B7D5CE9}"
EndProject
Project("{FAE04EC0-301F-11D3-BF4B-00C04F79EFBC}") = "FileManager.Core", "FileManager\FileManager.Core\FileManager.Core.csproj", "{6A45DA36-ADA3-440A-AFA6-BEDD77A9946C}"
EndProject
Project("{FAE04EC0-301F-11D3-BF4B-00C04F79EFBC}") = "FileManager.Database", "FileManager\FileManager.Database\FileManager.Database.csproj", "{7F2488DB-E50D-4268-98E6-6EBABAA0F264}"
EndProject
Project("{FAE04EC0-301F-11D3-BF4B-00C04F79EFBC}") = "FileManager.FileSystem", "FileManager\FileManager.FileSystem\FileManager.FileSystem.csproj", "{3D67C34B-B4F3-497A-99F0-233C25C94847}"
EndProject
Project("{2150E333-8FDC-42A3-9474-1A3956D46DE8}") = "Web", "Web", "{839AB05A-57DA-48A4-AC9E-CFB40A874A8D}"
EndProject
Project("{FAE04EC0-301F-11D3-BF4B-00C04F79EFBC}") = "Core.DataAccess", "Core\Core.DataAccess\Core.DataAccess.csproj", "{A0030367-14FD-4109-B9E7-EEA2E5D70BA8}"
EndProject
Project("{FAE04EC0-301F-11D3-BF4B-00C04F79EFBC}") = "Core.Identity", "Core\Core.Identity\Core.Identity.csproj", "{F8D47F33-87A6-40DC-A70A-F28D80E5BEF3}"
EndProject
Project("{FAE04EC0-301F-11D3-BF4B-00C04F79EFBC}") = "Core.Identity.OAuth", "Core\Core.Identity.OAuth\Core.Identity.OAuth.csproj", "{6C373789-ADF6-484F-8B58-92E44563557E}"
EndProject
Project("{FAE04EC0-301F-11D3-BF4B-00C04F79EFBC}") = "DAL.EF", "DAL\DAL.EF\DAL.EF.csproj", "{94B39B97-5DC6-485A-80B1-310BC496F579}"
	ProjectSection(ProjectDependencies) = postProject
		{33FEB7DF-3B3E-428A-8C72-E153275DBA17} = {33FEB7DF-3B3E-428A-8C72-E153275DBA17}
	EndProjectSection
EndProject
Project("{FAE04EC0-301F-11D3-BF4B-00C04F79EFBC}") = "Core", "Core\Core\Core.csproj", "{1857410C-0945-44CB-B0FB-C647187989FF}"
EndProject
Project("{FAE04EC0-301F-11D3-BF4B-00C04F79EFBC}") = "Tbo.WebHost", "Web\Tbo.WebHost\Tbo.WebHost.csproj", "{CE8CEFB1-6356-481E-BC9A-2B929EE07465}"
EndProject
Project("{2150E333-8FDC-42A3-9474-1A3956D46DE8}") = "Domain", "Domain", "{4BD09411-5639-48DD-B399-762CFB7FD0DF}"
EndProject
Project("{FAE04EC0-301F-11D3-BF4B-00C04F79EFBC}") = "Domain.Dictionary", "Domain\Domain.Dictionary\Domain.Dictionary.csproj", "{80FBA2C5-1E1A-451F-9EB6-45C5DC8DB2D3}"
EndProject
Project("{FAE04EC0-301F-11D3-BF4B-00C04F79EFBC}") = "Domain.Core", "Domain\Domain.Core\Domain.Core.csproj", "{33D053F8-76B9-467E-BF9E-79A545680AF6}"
EndProject
Project("{FAE04EC0-301F-11D3-BF4B-00C04F79EFBC}") = "Domain.Registries", "Domain\Domain.Registries\Domain.Registries.csproj", "{33FEB7DF-3B3E-428A-8C72-E153275DBA17}"
EndProject
Project("{FAE04EC0-301F-11D3-BF4B-00C04F79EFBC}") = "Domain.MobileApi", "Domain\Domain.MobileApi\Domain.MobileApi.csproj", "{22B3CF37-F8D6-41E4-9223-DEF7331DE70D}"
EndProject
Global
	GlobalSection(SolutionConfigurationPlatforms) = preSolution
		Debug|Any CPU = Debug|Any CPU
		Release|Any CPU = Release|Any CPU
	EndGlobalSection
	GlobalSection(ProjectConfigurationPlatforms) = postSolution
		{B56E4867-E5FE-4BEF-A5D9-A7605B7D5CE9}.Debug|Any CPU.ActiveCfg = Debug|Any CPU
		{B56E4867-E5FE-4BEF-A5D9-A7605B7D5CE9}.Debug|Any CPU.Build.0 = Debug|Any CPU
		{B56E4867-E5FE-4BEF-A5D9-A7605B7D5CE9}.Release|Any CPU.ActiveCfg = Release|Any CPU
		{B56E4867-E5FE-4BEF-A5D9-A7605B7D5CE9}.Release|Any CPU.Build.0 = Release|Any CPU
		{6A45DA36-ADA3-440A-AFA6-BEDD77A9946C}.Debug|Any CPU.ActiveCfg = Debug|Any CPU
		{6A45DA36-ADA3-440A-AFA6-BEDD77A9946C}.Debug|Any CPU.Build.0 = Debug|Any CPU
		{6A45DA36-ADA3-440A-AFA6-BEDD77A9946C}.Release|Any CPU.ActiveCfg = Release|Any CPU
		{6A45DA36-ADA3-440A-AFA6-BEDD77A9946C}.Release|Any CPU.Build.0 = Release|Any CPU
		{7F2488DB-E50D-4268-98E6-6EBABAA0F264}.Debug|Any CPU.ActiveCfg = Debug|Any CPU
		{7F2488DB-E50D-4268-98E6-6EBABAA0F264}.Debug|Any CPU.Build.0 = Debug|Any CPU
		{7F2488DB-E50D-4268-98E6-6EBABAA0F264}.Release|Any CPU.ActiveCfg = Release|Any CPU
		{7F2488DB-E50D-4268-98E6-6EBABAA0F264}.Release|Any CPU.Build.0 = Release|Any CPU
		{3D67C34B-B4F3-497A-99F0-233C25C94847}.Debug|Any CPU.ActiveCfg = Debug|Any CPU
		{3D67C34B-B4F3-497A-99F0-233C25C94847}.Debug|Any CPU.Build.0 = Debug|Any CPU
		{3D67C34B-B4F3-497A-99F0-233C25C94847}.Release|Any CPU.ActiveCfg = Release|Any CPU
		{3D67C34B-B4F3-497A-99F0-233C25C94847}.Release|Any CPU.Build.0 = Release|Any CPU
		{A0030367-14FD-4109-B9E7-EEA2E5D70BA8}.Debug|Any CPU.ActiveCfg = Debug|Any CPU
		{A0030367-14FD-4109-B9E7-EEA2E5D70BA8}.Debug|Any CPU.Build.0 = Debug|Any CPU
		{A0030367-14FD-4109-B9E7-EEA2E5D70BA8}.Release|Any CPU.ActiveCfg = Release|Any CPU
		{A0030367-14FD-4109-B9E7-EEA2E5D70BA8}.Release|Any CPU.Build.0 = Release|Any CPU
		{F8D47F33-87A6-40DC-A70A-F28D80E5BEF3}.Debug|Any CPU.ActiveCfg = Debug|Any CPU
		{F8D47F33-87A6-40DC-A70A-F28D80E5BEF3}.Debug|Any CPU.Build.0 = Debug|Any CPU
		{F8D47F33-87A6-40DC-A70A-F28D80E5BEF3}.Release|Any CPU.ActiveCfg = Release|Any CPU
		{F8D47F33-87A6-40DC-A70A-F28D80E5BEF3}.Release|Any CPU.Build.0 = Release|Any CPU
		{6C373789-ADF6-484F-8B58-92E44563557E}.Debug|Any CPU.ActiveCfg = Debug|Any CPU
		{6C373789-ADF6-484F-8B58-92E44563557E}.Debug|Any CPU.Build.0 = Debug|Any CPU
		{6C373789-ADF6-484F-8B58-92E44563557E}.Release|Any CPU.ActiveCfg = Release|Any CPU
		{6C373789-ADF6-484F-8B58-92E44563557E}.Release|Any CPU.Build.0 = Release|Any CPU
		{94B39B97-5DC6-485A-80B1-310BC496F579}.Debug|Any CPU.ActiveCfg = Debug|Any CPU
		{94B39B97-5DC6-485A-80B1-310BC496F579}.Debug|Any CPU.Build.0 = Debug|Any CPU
		{94B39B97-5DC6-485A-80B1-310BC496F579}.Release|Any CPU.ActiveCfg = Release|Any CPU
		{94B39B97-5DC6-485A-80B1-310BC496F579}.Release|Any CPU.Build.0 = Release|Any CPU
		{1857410C-0945-44CB-B0FB-C647187989FF}.Debug|Any CPU.ActiveCfg = Debug|Any CPU
		{1857410C-0945-44CB-B0FB-C647187989FF}.Debug|Any CPU.Build.0 = Debug|Any CPU
		{1857410C-0945-44CB-B0FB-C647187989FF}.Release|Any CPU.ActiveCfg = Release|Any CPU
		{1857410C-0945-44CB-B0FB-C647187989FF}.Release|Any CPU.Build.0 = Release|Any CPU
		{CE8CEFB1-6356-481E-BC9A-2B929EE07465}.Debug|Any CPU.ActiveCfg = Debug|Any CPU
		{CE8CEFB1-6356-481E-BC9A-2B929EE07465}.Debug|Any CPU.Build.0 = Debug|Any CPU
		{CE8CEFB1-6356-481E-BC9A-2B929EE07465}.Release|Any CPU.ActiveCfg = Release|Any CPU
		{CE8CEFB1-6356-481E-BC9A-2B929EE07465}.Release|Any CPU.Build.0 = Release|Any CPU
		{80FBA2C5-1E1A-451F-9EB6-45C5DC8DB2D3}.Debug|Any CPU.ActiveCfg = Debug|Any CPU
		{80FBA2C5-1E1A-451F-9EB6-45C5DC8DB2D3}.Debug|Any CPU.Build.0 = Debug|Any CPU
		{80FBA2C5-1E1A-451F-9EB6-45C5DC8DB2D3}.Release|Any CPU.ActiveCfg = Release|Any CPU
		{80FBA2C5-1E1A-451F-9EB6-45C5DC8DB2D3}.Release|Any CPU.Build.0 = Release|Any CPU
		{33D053F8-76B9-467E-BF9E-79A545680AF6}.Debug|Any CPU.ActiveCfg = Debug|Any CPU
		{33D053F8-76B9-467E-BF9E-79A545680AF6}.Debug|Any CPU.Build.0 = Debug|Any CPU
		{33D053F8-76B9-467E-BF9E-79A545680AF6}.Release|Any CPU.ActiveCfg = Release|Any CPU
		{33D053F8-76B9-467E-BF9E-79A545680AF6}.Release|Any CPU.Build.0 = Release|Any CPU
		{33FEB7DF-3B3E-428A-8C72-E153275DBA17}.Debug|Any CPU.ActiveCfg = Debug|Any CPU
		{33FEB7DF-3B3E-428A-8C72-E153275DBA17}.Debug|Any CPU.Build.0 = Debug|Any CPU
		{33FEB7DF-3B3E-428A-8C72-E153275DBA17}.Release|Any CPU.ActiveCfg = Release|Any CPU
		{33FEB7DF-3B3E-428A-8C72-E153275DBA17}.Release|Any CPU.Build.0 = Release|Any CPU
		{22B3CF37-F8D6-41E4-9223-DEF7331DE70D}.Debug|Any CPU.ActiveCfg = Debug|Any CPU
		{22B3CF37-F8D6-41E4-9223-DEF7331DE70D}.Debug|Any CPU.Build.0 = Debug|Any CPU
		{22B3CF37-F8D6-41E4-9223-DEF7331DE70D}.Release|Any CPU.ActiveCfg = Release|Any CPU
		{22B3CF37-F8D6-41E4-9223-DEF7331DE70D}.Release|Any CPU.Build.0 = Release|Any CPU
	EndGlobalSection
	GlobalSection(SolutionProperties) = preSolution
		HideSolutionNode = FALSE
	EndGlobalSection
	GlobalSection(NestedProjects) = preSolution
		{B56E4867-E5FE-4BEF-A5D9-A7605B7D5CE9} = {57C32347-AFC7-45C5-A6C6-361D8A426F53}
		{6A45DA36-ADA3-440A-AFA6-BEDD77A9946C} = {C5900EB7-4F3D-447E-B638-778B4868965C}
		{7F2488DB-E50D-4268-98E6-6EBABAA0F264} = {C5900EB7-4F3D-447E-B638-778B4868965C}
		{3D67C34B-B4F3-497A-99F0-233C25C94847} = {C5900EB7-4F3D-447E-B638-778B4868965C}
		{A0030367-14FD-4109-B9E7-EEA2E5D70BA8} = {69E04FC7-787E-490D-A971-F0EFFA311E33}
		{F8D47F33-87A6-40DC-A70A-F28D80E5BEF3} = {69E04FC7-787E-490D-A971-F0EFFA311E33}
		{6C373789-ADF6-484F-8B58-92E44563557E} = {69E04FC7-787E-490D-A971-F0EFFA311E33}
		{94B39B97-5DC6-485A-80B1-310BC496F579} = {D96ACAA6-596A-4BB1-A50D-5B32AE4E23BF}
		{1857410C-0945-44CB-B0FB-C647187989FF} = {69E04FC7-787E-490D-A971-F0EFFA311E33}
		{CE8CEFB1-6356-481E-BC9A-2B929EE07465} = {839AB05A-57DA-48A4-AC9E-CFB40A874A8D}
		{80FBA2C5-1E1A-451F-9EB6-45C5DC8DB2D3} = {4BD09411-5639-48DD-B399-762CFB7FD0DF}
		{33D053F8-76B9-467E-BF9E-79A545680AF6} = {4BD09411-5639-48DD-B399-762CFB7FD0DF}
		{33FEB7DF-3B3E-428A-8C72-E153275DBA17} = {4BD09411-5639-48DD-B399-762CFB7FD0DF}
		{22B3CF37-F8D6-41E4-9223-DEF7331DE70D} = {4BD09411-5639-48DD-B399-762CFB7FD0DF}
	EndGlobalSection
	GlobalSection(ExtensibilityGlobals) = postSolution
		SolutionGuid = {10BDAF4E-4D5A-4E9C-B346-66283B006482}
	EndGlobalSection
EndGlobal
